
Microsoft Visual Studio Solution File, Format Version 12.00
# Visual Studio 15
VisualStudioVersion = 15.0.28010.2026
MinimumVisualStudioVersion = 10.0.40219.1
Project("{FAE04EC0-301F-11D3-BF4B-00C04F79EFBC}") = "Client", "BolNetworking\Client.csproj", "{7325FE50-B151-4A65-A071-032875152741}"
EndProject
Project("{FAE04EC0-301F-11D3-BF4B-00C04F79EFBC}") = "Server", "Server\Server.csproj", "{9AA17688-5B61-4DCC-870B-FDDC142725E6}"
EndProject
Project("{FAE04EC0-301F-11D3-BF4B-00C04F79EFBC}") = "ClientForm", "ClientForm\ClientForm.csproj", "{865BBB93-6C6E-44EA-ABF8-097A1DD8E7FB}"
EndProject
Global
	GlobalSection(SolutionConfigurationPlatforms) = preSolution
		Debug|Any CPU = Debug|Any CPU
		Release|Any CPU = Release|Any CPU
	EndGlobalSection
	GlobalSection(ProjectConfigurationPlatforms) = postSolution
		{7325FE50-B151-4A65-A071-032875152741}.Debug|Any CPU.ActiveCfg = Debug|Any CPU
		{7325FE50-B151-4A65-A071-032875152741}.Debug|Any CPU.Build.0 = Debug|Any CPU
		{7325FE50-B151-4A65-A071-032875152741}.Release|Any CPU.ActiveCfg = Release|Any CPU
		{7325FE50-B151-4A65-A071-032875152741}.Release|Any CPU.Build.0 = Release|Any CPU
		{9AA17688-5B61-4DCC-870B-FDDC142725E6}.Debug|Any CPU.ActiveCfg = Debug|Any CPU
		{9AA17688-5B61-4DCC-870B-FDDC142725E6}.Debug|Any CPU.Build.0 = Debug|Any CPU
		{9AA17688-5B61-4DCC-870B-FDDC142725E6}.Release|Any CPU.ActiveCfg = Release|Any CPU
		{9AA17688-5B61-4DCC-870B-FDDC142725E6}.Release|Any CPU.Build.0 = Release|Any CPU
		{865BBB93-6C6E-44EA-ABF8-097A1DD8E7FB}.Debug|Any CPU.ActiveCfg = Debug|Any CPU
		{865BBB93-6C6E-44EA-ABF8-097A1DD8E7FB}.Debug|Any CPU.Build.0 = Debug|Any CPU
		{865BBB93-6C6E-44EA-ABF8-097A1DD8E7FB}.Release|Any CPU.ActiveCfg = Release|Any CPU
		{865BBB93-6C6E-44EA-ABF8-097A1DD8E7FB}.Release|Any CPU.Build.0 = Release|Any CPU
	EndGlobalSection
	GlobalSection(SolutionProperties) = preSolution
		HideSolutionNode = FALSE
	EndGlobalSection
	GlobalSection(ExtensibilityGlobals) = postSolution
		SolutionGuid = {9439F439-F660-42DA-AC01-F4F1D129F9F0}
	EndGlobalSection
EndGlobal
